{
    "_meta": {
        "hash": {
            "sha256": "e6a3bab5c0a1d62ea583bb9d712a401d62cb57f9eace6b14223d57c73bf806f8"
        },
        "pipfile-spec": 6,
        "requires": {
            "python_version": "3.7"
        },
        "sources": [
            {
                "name": "pypi",
                "url": "https://pypi.org/simple",
                "verify_ssl": true
            }
        ]
    },
    "default": {
        "certifi": {
            "hashes": [
                "sha256:e4f3620cfea4f83eedc95b24abd9cd56f3c4b146dd0177e83a21b4eb49e21e50",
                "sha256:fd7c7c74727ddcf00e9acd26bba8da604ffec95bf1c2144e67aff7a8b50e6cef"
            ],
            "version": "==2019.9.11"
        },
        "chardet": {
            "hashes": [
                "sha256:84ab92ed1c4d4f16916e05906b6b75a6c0fb5db821cc65e70cbd64a3e2a5eaae",
                "sha256:fc323ffcaeaed0e0a02bf4d117757b98aed530d9ed4531e3e15460124c106691"
            ],
            "version": "==3.0.4"
        },
        "defusedxml": {
            "hashes": [
                "sha256:6687150770438374ab581bb7a1b327a847dd9c5749e396102de3fad4e8a3ef93",
                "sha256:f684034d135af4c6cbb949b8a4d2ed61634515257a67299e5f940fbaa34377f5"
            ],
            "version": "==0.6.0"
        },
        "django": {
            "hashes": [
                "sha256:1a41831eace203fd1939edf899e07d7abd12ce9bafc3d9a5a63a24a8d1d12bd5",
                "sha256:305b6c4fce9e03bb746e35780c2c4d52f29ea1669f15633cfd41bc8821c74c76"
            ],
            "index": "pypi",
            "version": "==2.1.11"
        },
        "django-allauth": {
            "hashes": [
                "sha256:45661b6fe308466154adf54461679fab6f0c6850b10c56dc322fbbb9d47e03d9"
            ],
            "index": "pypi",
            "version": "==0.38.0"
        },
        "django-cors-headers": {
            "hashes": [
                "sha256:5545009c9b233ea7e70da7dbab7cb1c12afa01279895086f98ec243d7eab46fa",
                "sha256:c4c2ee97139d18541a1be7d96fe337d1694623816d83f53cb7c00da9b94acae1"
            ],
            "index": "pypi",
            "version": "==2.4.0"
        },
        "django-rest-auth": {
            "extras": [
                "with_social"
            ],
            "hashes": [
                "sha256:ad155a0ed1061b32e3e46c9b25686e397644fd6acfd35d5c03bc6b9d2fc6c82a"
            ],
            "index": "pypi",
            "version": "==0.9.3"
        },
        "django-rest-framework": {
            "hashes": [
                "sha256:47a8f496fa69e3b6bd79f68dd7a1527d907d6b77f009e9db7cf9bb21cc565e4a"
            ],
            "index": "pypi",
            "version": "==0.1.0"
        },
        "djangorestframework": {
            "hashes": [
                "sha256:5488aed8f8df5ec1d70f04b2114abc52ae6729748a176c453313834a9ee179c8",
                "sha256:dc81cbf9775c6898a580f6f1f387c4777d12bd87abf0f5406018d32ccae71090"
            ],
            "version": "==3.10.3"
        },
        "djangorestframework-jwt": {
            "hashes": [
                "sha256:5efe33032f3a4518a300dc51a51c92145ad95fb6f4b272e5aa24701db67936a7",
                "sha256:ab15dfbbe535eede8e2e53adaf52ef0cf018ee27dbfad10cbc4cbec2ab63d38c"
            ],
            "index": "pypi",
            "version": "==1.11.0"
        },
        "idna": {
            "hashes": [
                "sha256:c357b3f628cf53ae2c4c05627ecc484553142ca23264e593d327bcde5e9c3407",
                "sha256:ea8b7f6188e6fa117537c3df7da9fc686d485087abf6ac197f9c46432f7e4a3c"
            ],
            "version": "==2.8"
        },
        "mysqlclient": {
            "hashes": [
                "sha256:062d78953acb23066c0387a8f3bd0ecf946626f599145bb7fd201460e8f773e1",
                "sha256:3981ae9ce545901a36a8b7aed76ed02960a429f75dc53b7ad77fb2f9ab7cd56b",
                "sha256:b3591a00c0366de71d65108627899710d9cfb00e575c4d211aa8de59b1f130c9"
            ],
            "index": "pypi",
            "version": "==1.3.14"
        },
        "oauthlib": {
            "hashes": [
                "sha256:bee41cc35fcca6e988463cacc3bcb8a96224f470ca547e697b604cc697b2f889",
                "sha256:df884cd6cbe20e32633f1db1072e9356f53638e4361bef4e8b03c9127c9328ea"
            ],
            "version": "==3.1.0"
        },
        "pillow": {
            "hashes": [
                "sha256:0cd42fe2d99ec6ce23aaf00947a7b7956ad2ed4b1695fd37545c3b8eae06d95a",
                "sha256:137bed8972089d65da63fb79b4949b0f2b99e9a58f1b494e82be43ba8b0f4226",
                "sha256:14eb2b2e4f2a14f5c89fd0edf55c5af0bf1a40fdf3838d81867f26f131cd557d",
                "sha256:1fc43ce8c4fa3754222cd6831d599ad17ca2fc9868d2fb52f4e5362dfbfaf379",
                "sha256:26dfeee23a86dad6277a63d18f61f53b957cb2cd3506dbbd74b88ba2fa65b3b1",
                "sha256:2e0e582942e025cc58f669499a8e0bffde5bcc8d42b65729f294c1dac54e4672",
                "sha256:3bb8dd3ce101dd8b0b37eaae924a5bb93abb6ffdd034bf68a066a808e11768ab",
                "sha256:3f07da3874f0b085421f1d4f979785131aa9d497501d8610d82f7378b33858f8",
                "sha256:429b2b5ae5f57f8fd9ec2e012c1e7b342ff10f1a8977dc291976b9a3b4c096e1",
                "sha256:4a000fdd89d77b6b675de27e1ab91c6fba517c08f19ee83e6716b78930634e04",
                "sha256:4ccbe7cce6156391a3ecf447c79a7d4a1a0ecd3de79bdec9ca5e4f7242a306d1",
                "sha256:4d08034196db41acb7392e4fccfc0448e7a87192c41d3011ad4093eac2c31ffd",
                "sha256:6b202b1cb524bc76ed52a7eb0314f4b0a0497c7cceb9a93539b5a25800e1f2b6",
                "sha256:8563b56fa7c34f1606848c2143ea67d27cf225b9726a1b041c3d27cf85e46edc",
                "sha256:86d7421e8803d7bae2e594765c378a867b629d46b32fbfe5ed9fd95b30989feb",
                "sha256:8d4bddedcb4ab99131d9705a75720efc48b3d006122dae1a4cc329496ac47c9a",
                "sha256:a4929c6de9590635c34533609402c9da12b22bfc2feb8c0c4f38c39bab48a9ad",
                "sha256:b0736e21798448cee3e663c0df7a6dfa83d805b3f3a45e67f7457a2f019e5fca",
                "sha256:b669acba91d47395de84c9ca52a7ad393b487e5ae2e20b9b2790b22a57d479fa",
                "sha256:bba993443921f2d077195b425a3283357f52b07807d53704610c1249d20b183a",
                "sha256:bdf706a93d00547c9443b2654ae424fd54d5dece4bc4333e7035740aeb7a7cea",
                "sha256:c5aa93e55175b9cde95279ccd03c93d218976b376480222d37be41d2c9c54510",
                "sha256:cc11fd997d8ad71bb0412e983b711e49639c2ddba9b9dce04d4bdab575fe5f84",
                "sha256:d584f1c33995c3dc16a35e30ef43e0881fa0d085f0fef29cebf154ffb5643363",
                "sha256:d88f54bdefb7ddccb68efdd710d689aa6a09b875cc3e44b7e81ef54e0751e3a7",
                "sha256:de0d323072be72fa4d74f4e013cd594e3f8ee03b2e0eac5876a3249fa076ef7b",
                "sha256:f139c963c6679d236b2c45369524338eabd36a853fe23abd39ba246ab0a75aec",
                "sha256:f41c0bf667c4c1c30b873eaa8d6bb894f6d721b3e38e9c993bddd1263c02fb1f",
                "sha256:fbd0ea468b4ec04270533bf5206f1cd57746fcf226520bb133318fa276de2644",
                "sha256:fe2d2850521c467c915ff0a6e27dc64c3c04c2f66612e0072672bd1bd4854b61"
            ],
            "index": "pypi",
            "version": "==5.4.0"
        },
        "pyjwt": {
            "hashes": [
                "sha256:5c6eca3c2940464d106b99ba83b00c6add741c9becaec087fb7ccdefea71350e",
                "sha256:8d59a976fb773f3e6a39c85636357c4f0e242707394cadadd9814f5cbaa20e96"
            ],
            "version": "==1.7.1"
        },
        "python3-openid": {
            "hashes": [
                "sha256:0086da6b6ef3161cfe50fb1ee5cceaf2cda1700019fda03c2c5c440ca6abe4fa",
                "sha256:628d365d687e12da12d02c6691170f4451db28d6d68d050007e4a40065868502"
            ],
            "version": "==3.1.0"
        },
        "pytz": {
            "hashes": [
                "sha256:1c557d7d0e871de1f5ccd5833f60fb2550652da6be2693c1e02300743d21500d",
                "sha256:b02c06db6cf09c12dd25137e563b31700d3b80fcc4ad23abb7a315f2789819be"
            ],
            "version": "==2019.3"
        },
        "requests": {
            "hashes": [
                "sha256:11e007a8a2aa0323f5a921e9e6a2d7e4e67d9877e85773fba9ba6419025cbeb4",
                "sha256:9cf5292fcd0f598c671cfc1e0d7d1a7f13bb8085e9a590f48c010551dc6c4b31"
            ],
            "version": "==2.22.0"
        },
        "requests-oauthlib": {
            "hashes": [
                "sha256:bd6533330e8748e94bf0b214775fed487d309b8b8fe823dc45641ebcd9a32f57",
                "sha256:d3ed0c8f2e3bbc6b344fa63d6f933745ab394469da38db16bdddb461c7e25140"
            ],
            "version": "==1.2.0"
        },
        "six": {
            "hashes": [
                "sha256:3350809f0555b11f552448330d0b52d5f24c91a322ea4a15ef22629740f3761c",
                "sha256:d16a0141ec1a18405cd4ce8b4613101da75da0e9a7aec5bdd4fa804d0e0eba73"
            ],
            "version": "==1.12.0"
        },
        "urllib3": {
            "hashes": [
                "sha256:3de946ffbed6e6746608990594d08faac602528ac7015ac28d33cee6a45b7398",
                "sha256:9a107b99a5393caf59c7aa3c1249c16e6879447533d0887f4336dde834c7be86"
            ],
            "version": "==1.25.6"
        }
    },
    "develop": {}
}
